
Microsoft Visual Studio Solution File, Format Version 12.00
# Visual Studio Version 17
VisualStudioVersion = 17.11.35219.272
MinimumVisualStudioVersion = 10.0.40219.1
Project("{FAE04EC0-301F-11D3-BF4B-00C04F79EFBC}") = "Tarea_2", "Tarea_2\Tarea_2.csproj", "{B5E05A84-56DA-4890-9C81-6916CB0E2AB3}"
EndProject
Global
	GlobalSection(SolutionConfigurationPlatforms) = preSolution
		Debug|Any CPU = Debug|Any CPU
		Release|Any CPU = Release|Any CPU
	EndGlobalSection
	GlobalSection(ProjectConfigurationPlatforms) = postSolution
		{B5E05A84-56DA-4890-9C81-6916CB0E2AB3}.Debug|Any CPU.ActiveCfg = Debug|Any CPU
		{B5E05A84-56DA-4890-9C81-6916CB0E2AB3}.Debug|Any CPU.Build.0 = Debug|Any CPU
		{B5E05A84-56DA-4890-9C81-6916CB0E2AB3}.Release|Any CPU.ActiveCfg = Release|Any CPU
		{B5E05A84-56DA-4890-9C81-6916CB0E2AB3}.Release|Any CPU.Build.0 = Release|Any CPU
	EndGlobalSection
	GlobalSection(SolutionProperties) = preSolution
		HideSolutionNode = FALSE
	EndGlobalSection
	GlobalSection(ExtensibilityGlobals) = postSolution
		SolutionGuid = {489227D4-C39F-41C5-8087-7DE3F682D008}
	EndGlobalSection
EndGlobal
